// !$*UTF8*$!
{
	archiveVersion = 1;
	classes = {
	};
	objectVersion = 50;
	objects = {

/* Begin PBXBuildFile section */
		B02AB8522490587B0056A8FC /* SwiftFramework.framework in Frameworks */ = {isa = PBXBuildFile; fileRef = B02AB8482490587B0056A8FC /* SwiftFramework.framework */; };
		B02AB8572490587B0056A8FC /* SwiftFrameworkTests.swift in Sources */ = {isa = PBXBuildFile; fileRef = B02AB8562490587B0056A8FC /* SwiftFrameworkTests.swift */; };
		B02AB8592490587B0056A8FC /* SwiftFramework.h in Headers */ = {isa = PBXBuildFile; fileRef = B02AB84B2490587B0056A8FC /* SwiftFramework.h */; settings = {ATTRIBUTES = (Public, ); }; };
/* End PBXBuildFile section */

/* Begin PBXContainerItemProxy section */
		B02AB8532490587B0056A8FC /* PBXContainerItemProxy */ = {
			isa = PBXContainerItemProxy;
			containerPortal = B02AB83F2490587B0056A8FC /* Project object */;
			proxyType = 1;
			remoteGlobalIDString = B02AB8472490587B0056A8FC;
			remoteInfo = SwiftFramework;
		};
/* End PBXContainerItemProxy section */

/* Begin PBXFileReference section */
		B02AB8482490587B0056A8FC /* SwiftFramework.framework */ = {isa = PBXFileReference; explicitFileType = wrapper.framework; includeInIndex = 0; path = SwiftFramework.framework; sourceTree = BUILT_PRODUCTS_DIR; };
		B02AB84B2490587B0056A8FC /* SwiftFramework.h */ = {isa = PBXFileReference; lastKnownFileType = sourcecode.c.h; path = SwiftFramework.h; sourceTree = "<group>"; };
		B02AB84C2490587B0056A8FC /* Info.plist */ = {isa = PBXFileReference; lastKnownFileType = text.plist.xml; path = Info.plist; sourceTree = "<group>"; };
		B02AB8512490587B0056A8FC /* SwiftFrameworkTests.xctest */ = {isa = PBXFileReference; explicitFileType = wrapper.cfbundle; includeInIndex = 0; path = SwiftFrameworkTests.xctest; sourceTree = BUILT_PRODUCTS_DIR; };
		B02AB8562490587B0056A8FC /* SwiftFrameworkTests.swift */ = {isa = PBXFileReference; lastKnownFileType = sourcecode.swift; path = SwiftFrameworkTests.swift; sourceTree = "<group>"; };
		B02AB8582490587B0056A8FC /* Info.plist */ = {isa = PBXFileReference; lastKnownFileType = text.plist.xml; path = Info.plist; sourceTree = "<group>"; };
/* End PBXFileReference section */

/* Begin PBXFrameworksBuildPhase section */
		B02AB8452490587B0056A8FC /* Frameworks */ = {
			isa = PBXFrameworksBuildPhase;
			buildActionMask = 2147483647;
			files = (
			);
			runOnlyForDeploymentPostprocessing = 0;
		};
		B02AB84E2490587B0056A8FC /* Frameworks */ = {
			isa = PBXFrameworksBuildPhase;
			buildActionMask = 2147483647;
			files = (
				B02AB8522490587B0056A8FC /* SwiftFramework.framework in Frameworks */,
			);
			runOnlyForDeploymentPostprocessing = 0;
		};
/* End PBXFrameworksBuildPhase section */

/* Begin PBXGroup section */
		B02AB83E2490587B0056A8FC = {
			isa = PBXGroup;
			children = (
				B02AB84A2490587B0056A8FC /* SwiftFramework */,
				B02AB8552490587B0056A8FC /* SwiftFrameworkTests */,
				B02AB8492490587B0056A8FC /* Products */,
			);
			sourceTree = "<group>";
		};
		B02AB8492490587B0056A8FC /* Products */ = {
			isa = PBXGroup;
			children = (
				B02AB8482490587B0056A8FC /* SwiftFramework.framework */,
				B02AB8512490587B0056A8FC /* SwiftFrameworkTests.xctest */,
			);
			name = Products;
			sourceTree = "<group>";
		};
		B02AB84A2490587B0056A8FC /* SwiftFramework */ = {
			isa = PBXGroup;
			children = (
				B02AB84B2490587B0056A8FC /* SwiftFramework.h */,
				B02AB84C2490587B0056A8FC /* Info.plist */,
			);
			path = SwiftFramework;
			sourceTree = "<group>";
		};
		B02AB8552490587B0056A8FC /* SwiftFrameworkTests */ = {
			isa = PBXGroup;
			children = (
				B02AB8562490587B0056A8FC /* SwiftFrameworkTests.swift */,
				B02AB8582490587B0056A8FC /* Info.plist */,
			);
			path = SwiftFrameworkTests;
			sourceTree = "<group>";
		};
/* End PBXGroup section */

/* Begin PBXHeadersBuildPhase section */
		B02AB8432490587B0056A8FC /* Headers */ = {
			isa = PBXHeadersBuildPhase;
			buildActionMask = 2147483647;
			files = (
				B02AB8592490587B0056A8FC /* SwiftFramework.h in Headers */,
			);
			runOnlyForDeploymentPostprocessing = 0;
		};
/* End PBXHeadersBuildPhase section */

/* Begin PBXNativeTarget section */
		B02AB8472490587B0056A8FC /* SwiftFramework */ = {
			isa = PBXNativeTarget;
			buildConfigurationList = B02AB85C2490587B0056A8FC /* Build configuration list for PBXNativeTarget "SwiftFramework" */;
			buildPhases = (
				B02AB8432490587B0056A8FC /* Headers */,
				B02AB8442490587B0056A8FC /* Sources */,
				B02AB8452490587B0056A8FC /* Frameworks */,
				B02AB8462490587B0056A8FC /* Resources */,
			);
			buildRules = (
			);
			dependencies = (
			);
			name = SwiftFramework;
			productName = SwiftFramework;
			productReference = B02AB8482490587B0056A8FC /* SwiftFramework.framework */;
			productType = "com.apple.product-type.framework";
		};
		B02AB8502490587B0056A8FC /* SwiftFrameworkTests */ = {
			isa = PBXNativeTarget;
			buildConfigurationList = B02AB85F2490587B0056A8FC /* Build configuration list for PBXNativeTarget "SwiftFrameworkTests" */;
			buildPhases = (
				B02AB84D2490587B0056A8FC /* Sources */,
				B02AB84E2490587B0056A8FC /* Frameworks */,
				B02AB84F2490587B0056A8FC /* Resources */,
			);
			buildRules = (
			);
			dependencies = (
				B02AB8542490587B0056A8FC /* PBXTargetDependency */,
			);
			name = SwiftFrameworkTests;
			productName = SwiftFrameworkTests;
			productReference = B02AB8512490587B0056A8FC /* SwiftFrameworkTests.xctest */;
			productType = "com.apple.product-type.bundle.unit-test";
		};
/* End PBXNativeTarget section */

/* Begin PBXProject section */
		B02AB83F2490587B0056A8FC /* Project object */ = {
			isa = PBXProject;
			attributes = {
				LastSwiftUpdateCheck = 1150;
				LastUpgradeCheck = 1150;
				ORGANIZATIONNAME = SV;
				TargetAttributes = {
					B02AB8472490587B0056A8FC = {
						CreatedOnToolsVersion = 11.5;
					};
					B02AB8502490587B0056A8FC = {
						CreatedOnToolsVersion = 11.5;
					};
				};
			};
			buildConfigurationList = B02AB8422490587B0056A8FC /* Build configuration list for PBXProject "SwiftFramework" */;
			compatibilityVersion = "Xcode 9.3";
			developmentRegion = en;
			hasScannedForEncodings = 0;
			knownRegions = (
				en,
				Base,
			);
			mainGroup = B02AB83E2490587B0056A8FC;
			productRefGroup = B02AB8492490587B0056A8FC /* Products */;
			projectDirPath = "";
			projectRoot = "";
			targets = (
				B02AB8472490587B0056A8FC /* SwiftFramework */,
				B02AB8502490587B0056A8FC /* SwiftFrameworkTests */,
			);
		};
/* End PBXProject section */

/* Begin PBXResourcesBuildPhase section */
		B02AB8462490587B0056A8FC /* Resources */ = {
			isa = PBXResourcesBuildPhase;
			buildActionMask = 2147483647;
			files = (
			);
			runOnlyForDeploymentPostprocessing = 0;
		};
		B02AB84F2490587B0056A8FC /* Resources */ = {
			isa = PBXResourcesBuildPhase;
			buildActionMask = 2147483647;
			files = (
			);
			runOnlyForDeploymentPostprocessing = 0;
		};
/* End PBXResourcesBuildPhase section */

/* Begin PBXSourcesBuildPhase section */
		B02AB8442490587B0056A8FC /* Sources */ = {
			isa = PBXSourcesBuildPhase;
			buildActionMask = 2147483647;
			files = (
			);
			runOnlyForDeploymentPostprocessing = 0;
		};
		B02AB84D2490587B0056A8FC /* Sources */ = {
			isa = PBXSourcesBuildPhase;
			buildActionMask = 2147483647;
			files = (
				B02AB8572490587B0056A8FC /* SwiftFrameworkTests.swift in Sources */,
			);
			runOnlyForDeploymentPostprocessing = 0;
		};
/* End PBXSourcesBuildPhase section */

/* Begin PBXTargetDependency section */
		B02AB8542490587B0056A8FC /* PBXTargetDependency */ = {
			isa = PBXTargetDependency;
			target = B02AB8472490587B0056A8FC /* SwiftFramework */;
			targetProxy = B02AB8532490587B0056A8FC /* PBXContainerItemProxy */;
		};
/* End PBXTargetDependency section */

/* Begin XCBuildConfiguration section */
		B02AB85A2490587B0056A8FC /* Debug */ = {
			isa = XCBuildConfiguration;
			buildSettings = {
				ALWAYS_SEARCH_USER_PATHS = NO;
				CLANG_ANALYZER_NONNULL = YES;
				CLANG_ANALYZER_NUMBER_OBJECT_CONVERSION = YES_AGGRESSIVE;
				CLANG_CXX_LANGUAGE_STANDARD = "gnu++14";
				CLANG_CXX_LIBRARY = "libc++";
				CLANG_ENABLE_MODULES = YES;
				CLANG_ENABLE_OBJC_ARC = YES;
				CLANG_ENABLE_OBJC_WEAK = YES;
				CLANG_WARN_BLOCK_CAPTURE_AUTORELEASING = YES;
				CLANG_WARN_BOOL_CONVERSION = YES;
				CLANG_WARN_COMMA = YES;
				CLANG_WARN_CONSTANT_CONVERSION = YES;
				CLANG_WARN_DEPRECATED_OBJC_IMPLEMENTATIONS = YES;
				CLANG_WARN_DIRECT_OBJC_ISA_USAGE = YES_ERROR;
				CLANG_WARN_DOCUMENTATION_COMMENTS = YES;
				CLANG_WARN_EMPTY_BODY = YES;
				CLANG_WARN_ENUM_CONVERSION = YES;
				CLANG_WARN_INFINITE_RECURSION = YES;
				CLANG_WARN_INT_CONVERSION = YES;
				CLANG_WARN_NON_LITERAL_NULL_CONVERSION = YES;
				CLANG_WARN_OBJC_IMPLICIT_RETAIN_SELF = YES;
				CLANG_WARN_OBJC_LITERAL_CONVERSION = YES;
				CLANG_WARN_OBJC_ROOT_CLASS = YES_ERROR;
				CLANG_WARN_RANGE_LOOP_ANALYSIS = YES;
				CLANG_WARN_STRICT_PROTOTYPES = YES;
				CLANG_WARN_SUSPICIOUS_MOVE = YES;
				CLANG_WARN_UNGUARDED_AVAILABILITY = YES_AGGRESSIVE;
				CLANG_WARN_UNREACHABLE_CODE = YES;
				CLANG_WARN__DUPLICATE_METHOD_MATCH = YES;
				COPY_PHASE_STRIP = NO;
				CURRENT_PROJECT_VERSION = 1;
				DEBUG_INFORMATION_FORMAT = dwarf;
				ENABLE_STRICT_OBJC_MSGSEND = YES;
				ENABLE_TESTABILITY = YES;
				GCC_C_LANGUAGE_STANDARD = gnu11;
				GCC_DYNAMIC_NO_PIC = NO;
				GCC_NO_COMMON_BLOCKS = YES;
				GCC_OPTIMIZATION_LEVEL = 0;
				GCC_PREPROCESSOR_DEFINITIONS = (
					"DEBUG=1",
					"$(inherited)",
				);
				GCC_WARN_64_TO_32_BIT_CONVERSION = YES;
				GCC_WARN_ABOUT_RETURN_TYPE = YES_ERROR;
				GCC_WARN_UNDECLARED_SELECTOR = YES;
				GCC_WARN_UNINITIALIZED_AUTOS = YES_AGGRESSIVE;
				GCC_WARN_UNUSED_FUNCTION = YES;
				GCC_WARN_UNUSED_VARIABLE = YES;
				IPHONEOS_DEPLOYMENT_TARGET = 13.5;
				MTL_ENABLE_DEBUG_INFO = INCLUDE_SOURCE;
				MTL_FAST_MATH = YES;
				ONLY_ACTIVE_ARCH = YES;
				SDKROOT = iphoneos;
				SWIFT_ACTIVE_COMPILATION_CONDITIONS = DEBUG;
				SWIFT_OPTIMIZATION_LEVEL = "-Onone";
				VERSIONING_SYSTEM = "apple-generic";
				VERSION_INFO_PREFIX = "";
			};
			name = Debug;
		};
		B02AB85B2490587B0056A8FC /* Release */ = {
			isa = XCBuildConfiguration;
			buildSettings = {
				ALWAYS_SEARCH_USER_PATHS = NO;
				CLANG_ANALYZER_NONNULL = YES;
				CLANG_ANALYZER_NUMBER_OBJECT_CONVERSION = YES_AGGRESSIVE;
				CLANG_CXX_LANGUAGE_STANDARD = "gnu++14";
				CLANG_CXX_LIBRARY = "libc++";
				CLANG_ENABLE_MODULES = YES;
				CLANG_ENABLE_OBJC_ARC = YES;
				CLANG_ENABLE_OBJC_WEAK = YES;
				CLANG_WARN_BLOCK_CAPTURE_AUTORELEASING = YES;
				CLANG_WARN_BOOL_CONVERSION = YES;
				CLANG_WARN_COMMA = YES;
				CLANG_WARN_CONSTANT_CONVERSION = YES;
				CLANG_WARN_DEPRECATED_OBJC_IMPLEMENTATIONS = YES;
				CLANG_WARN_DIRECT_OBJC_ISA_USAGE = YES_ERROR;
				CLANG_WARN_DOCUMENTATION_COMMENTS = YES;
				CLANG_WARN_EMPTY_BODY = YES;
				CLANG_WARN_ENUM_CONVERSION = YES;
				CLANG_WARN_INFINITE_RECURSION = YES;
				CLANG_WARN_INT_CONVERSION = YES;
				CLANG_WARN_NON_LITERAL_NULL_CONVERSION = YES;
				CLANG_WARN_OBJC_IMPLICIT_RETAIN_SELF = YES;
				CLANG_WARN_OBJC_LITERAL_CONVERSION = YES;
				CLANG_WARN_OBJC_ROOT_CLASS = YES_ERROR;
				CLANG_WARN_RANGE_LOOP_ANALYSIS = YES;
				CLANG_WARN_STRICT_PROTOTYPES = YES;
				CLANG_WARN_SUSPICIOUS_MOVE = YES;
				CLANG_WARN_UNGUARDED_AVAILABILITY = YES_AGGRESSIVE;
				CLANG_WARN_UNREACHABLE_CODE = YES;
				CLANG_WARN__DUPLICATE_METHOD_MATCH = YES;
				COPY_PHASE_STRIP = NO;
				CURRENT_PROJECT_VERSION = 1;
				DEBUG_INFORMATION_FORMAT = "dwarf-with-dsym";
				ENABLE_NS_ASSERTIONS = NO;
				ENABLE_STRICT_OBJC_MSGSEND = YES;
				GCC_C_LANGUAGE_STANDARD = gnu11;
				GCC_NO_COMMON_BLOCKS = YES;
				GCC_WARN_64_TO_32_BIT_CONVERSION = YES;
				GCC_WARN_ABOUT_RETURN_TYPE = YES_ERROR;
				GCC_WARN_UNDECLARED_SELECTOR = YES;
				GCC_WARN_UNINITIALIZED_AUTOS = YES_AGGRESSIVE;
				GCC_WARN_UNUSED_FUNCTION = YES;
				GCC_WARN_UNUSED_VARIABLE = YES;
				IPHONEOS_DEPLOYMENT_TARGET = 13.5;
				MTL_ENABLE_DEBUG_INFO = NO;
				MTL_FAST_MATH = YES;
				SDKROOT = iphoneos;
				SWIFT_COMPILATION_MODE = wholemodule;
				SWIFT_OPTIMIZATION_LEVEL = "-O";
				VALIDATE_PRODUCT = YES;
				VERSIONING_SYSTEM = "apple-generic";
				VERSION_INFO_PREFIX = "";
			};
			name = Release;
		};
		B02AB85D2490587B0056A8FC /* Debug */ = {
			isa = XCBuildConfiguration;
			buildSettings = {
				CODE_SIGN_STYLE = Automatic;
				DEFINES_MODULE = YES;
				DEVELOPMENT_TEAM = 96V2LHZ2GK;
				DYLIB_COMPATIBILITY_VERSION = 1;
				DYLIB_CURRENT_VERSION = 1;
				DYLIB_INSTALL_NAME_BASE = "@rpath";
				INFOPLIST_FILE = SwiftFramework/Info.plist;
				INSTALL_PATH = "$(LOCAL_LIBRARY_DIR)/Frameworks";
				LD_RUNPATH_SEARCH_PATHS = (
					"$(inherited)",
					"@executable_path/Frameworks",
					"@loader_path/Frameworks",
				);
				PRODUCT_BUNDLE_IDENTIFIER = sv.SwiftFramework;
				PRODUCT_NAME = "$(TARGET_NAME:c99extidentifier)";
				SKIP_INSTALL = YES;
				SWIFT_VERSION = 5.0;
				TARGETED_DEVICE_FAMILY = "1,2";
			};
			name = Debug;
		};
		B02AB85E2490587B0056A8FC /* Release */ = {
			isa = XCBuildConfiguration;
			buildSettings = {
				CODE_SIGN_STYLE = Automatic;
				DEFINES_MODULE = YES;
				DEVELOPMENT_TEAM = 96V2LHZ2GK;
				DYLIB_COMPATIBILITY_VERSION = 1;
				DYLIB_CURRENT_VERSION = 1;
				DYLIB_INSTALL_NAME_BASE = "@rpath";
				INFOPLIST_FILE = SwiftFramework/Info.plist;
				INSTALL_PATH = "$(LOCAL_LIBRARY_DIR)/Frameworks";
				LD_RUNPATH_SEARCH_PATHS = (
					"$(inherited)",
					"@executable_path/Frameworks",
					"@loader_path/Frameworks",
				);
				PRODUCT_BUNDLE_IDENTIFIER = sv.SwiftFramework;
				PRODUCT_NAME = "$(TARGET_NAME:c99extidentifier)";
				SKIP_INSTALL = YES;
				SWIFT_VERSION = 5.0;
				TARGETED_DEVICE_FAMILY = "1,2";
			};
			name = Release;
		};
		B02AB8602490587B0056A8FC /* Debug */ = {
			isa = XCBuildConfiguration;
			buildSettings = {
				CODE_SIGN_STYLE = Automatic;
				DEVELOPMENT_TEAM = 96V2LHZ2GK;
				INFOPLIST_FILE = SwiftFrameworkTests/Info.plist;
				LD_RUNPATH_SEARCH_PATHS = (
					"$(inherited)",
					"@executable_path/Frameworks",
					"@loader_path/Frameworks",
				);
				PRODUCT_BUNDLE_IDENTIFIER = sv.SwiftFrameworkTests;
				PRODUCT_NAME = "$(TARGET_NAME)";
				SWIFT_VERSION = 5.0;
				TARGETED_DEVICE_FAMILY = "1,2";
			};
			name = Debug;
		};
		B02AB8612490587B0056A8FC /* Release */ = {
			isa = XCBuildConfiguration;
			buildSettings = {
				CODE_SIGN_STYLE = Automatic;
				DEVELOPMENT_TEAM = 96V2LHZ2GK;
				INFOPLIST_FILE = SwiftFrameworkTests/Info.plist;
				LD_RUNPATH_SEARCH_PATHS = (
					"$(inherited)",
					"@executable_path/Frameworks",
					"@loader_path/Frameworks",
				);
				PRODUCT_BUNDLE_IDENTIFIER = sv.SwiftFrameworkTests;
				PRODUCT_NAME = "$(TARGET_NAME)";
				SWIFT_VERSION = 5.0;
				TARGETED_DEVICE_FAMILY = "1,2";
			};
			name = Release;
		};
/* End XCBuildConfiguration section */

/* Begin XCConfigurationList section */
		B02AB8422490587B0056A8FC /* Build configuration list for PBXProject "SwiftFramework" */ = {
			isa = XCConfigurationList;
			buildConfigurations = (
				B02AB85A2490587B0056A8FC /* Debug */,
				B02AB85B2490587B0056A8FC /* Release */,
			);
			defaultConfigurationIsVisible = 0;
			defaultConfigurationName = Release;
		};
		B02AB85C2490587B0056A8FC /* Build configuration list for PBXNativeTarget "SwiftFramework" */ = {
			isa = XCConfigurationList;
			buildConfigurations = (
				B02AB85D2490587B0056A8FC /* Debug */,
				B02AB85E2490587B0056A8FC /* Release */,
			);
			defaultConfigurationIsVisible = 0;
			defaultConfigurationName = Release;
		};
		B02AB85F2490587B0056A8FC /* Build configuration list for PBXNativeTarget "SwiftFrameworkTests" */ = {
			isa = XCConfigurationList;
			buildConfigurations = (
				B02AB8602490587B0056A8FC /* Debug */,
				B02AB8612490587B0056A8FC /* Release */,
			);
			defaultConfigurationIsVisible = 0;
			defaultConfigurationName = Release;
		};
/* End XCConfigurationList section */
	};
	rootObject = B02AB83F2490587B0056A8FC /* Project object */;
}
